
Microsoft Visual Studio Solution File, Format Version 12.00
Project("{FAE04EC0-301F-11D3-BF4B-00C04F79EFBC}") = "AdventOfCode", "AdventOfCode\AdventOfCode.csproj", "{16CD9D84-969F-4422-9F74-66B94B6BDA17}"
EndProject
Global
	GlobalSection(SolutionConfigurationPlatforms) = preSolution
		Debug|Any CPU = Debug|Any CPU
		Release|Any CPU = Release|Any CPU
	EndGlobalSection
	GlobalSection(ProjectConfigurationPlatforms) = postSolution
		{16CD9D84-969F-4422-9F74-66B94B6BDA17}.Debug|Any CPU.ActiveCfg = Debug|Any CPU
		{16CD9D84-969F-4422-9F74-66B94B6BDA17}.Debug|Any CPU.Build.0 = Debug|Any CPU
		{16CD9D84-969F-4422-9F74-66B94B6BDA17}.Release|Any CPU.ActiveCfg = Release|Any CPU
		{16CD9D84-969F-4422-9F74-66B94B6BDA17}.Release|Any CPU.Build.0 = Release|Any CPU
	EndGlobalSection
EndGlobal
